
Microsoft Visual Studio Solution File, Format Version 12.00
# Visual Studio Version 16
VisualStudioVersion = 16.0.29709.97
MinimumVisualStudioVersion = 10.0.40219.1
Project("{FAE04EC0-301F-11D3-BF4B-00C04F79EFBC}") = "Libary", "Libary\Libary.csproj", "{0F976ADF-91DB-4623-BBE3-360A7EEECD30}"
EndProject
Global
	GlobalSection(SolutionConfigurationPlatforms) = preSolution
		Debug|Any CPU = Debug|Any CPU
		Release|Any CPU = Release|Any CPU
	EndGlobalSection
	GlobalSection(ProjectConfigurationPlatforms) = postSolution
		{0F976ADF-91DB-4623-BBE3-360A7EEECD30}.Debug|Any CPU.ActiveCfg = Debug|Any CPU
		{0F976ADF-91DB-4623-BBE3-360A7EEECD30}.Debug|Any CPU.Build.0 = Debug|Any CPU
		{0F976ADF-91DB-4623-BBE3-360A7EEECD30}.Release|Any CPU.ActiveCfg = Release|Any CPU
		{0F976ADF-91DB-4623-BBE3-360A7EEECD30}.Release|Any CPU.Build.0 = Release|Any CPU
	EndGlobalSection
	GlobalSection(SolutionProperties) = preSolution
		HideSolutionNode = FALSE
	EndGlobalSection
	GlobalSection(ExtensibilityGlobals) = postSolution
		SolutionGuid = {470D7F74-6F4D-4E5D-AE5B-F9785A65AC18}
	EndGlobalSection
EndGlobal
